{
  "requires": true,
  "lockfileVersion": 1,
  "dependencies": {
    "@ngrx/store-devtools": {
      "version": "9.1.0",
      "resolved": "https://registry.npmjs.org/@ngrx/store-devtools/-/store-devtools-9.1.0.tgz",
      "integrity": "sha512-KDvuNBxfTgDHjESiouEoPXq8GCUYbHnA+jOs8MzzwVDmxNLeZuDy3amaVzKv9Q5nncI6mNGcXOzTKWzapET8Sw=="
    }
  }
}
